
Microsoft Visual Studio Solution File, Format Version 12.00
# Visual Studio Version 17
VisualStudioVersion = 17.3.32804.467
MinimumVisualStudioVersion = 10.0.40219.1
Project("{FAE04EC0-301F-11D3-BF4B-00C04F79EFBC}") = "AdoNetDemo", "AdoNetDemo\AdoNetDemo.csproj", "{D81B0AA0-435A-4113-8622-1402747648A3}"
EndProject
Global
	GlobalSection(SolutionConfigurationPlatforms) = preSolution
		Debug|Any CPU = Debug|Any CPU
		Release|Any CPU = Release|Any CPU
	EndGlobalSection
	GlobalSection(ProjectConfigurationPlatforms) = postSolution
		{D81B0AA0-435A-4113-8622-1402747648A3}.Debug|Any CPU.ActiveCfg = Debug|Any CPU
		{D81B0AA0-435A-4113-8622-1402747648A3}.Debug|Any CPU.Build.0 = Debug|Any CPU
		{D81B0AA0-435A-4113-8622-1402747648A3}.Release|Any CPU.ActiveCfg = Release|Any CPU
		{D81B0AA0-435A-4113-8622-1402747648A3}.Release|Any CPU.Build.0 = Release|Any CPU
	EndGlobalSection
	GlobalSection(SolutionProperties) = preSolution
		HideSolutionNode = FALSE
	EndGlobalSection
	GlobalSection(ExtensibilityGlobals) = postSolution
		SolutionGuid = {BAB74758-5A14-42A1-94FE-E4D78367D59F}
	EndGlobalSection
EndGlobal
